{
  "name": "zdotfiles",
  "lockfileVersion": 3,
  "requires": true,
  "packages": {
    "": {
      "dependencies": {
        "bun": "^1.2.21"
      }
    },
    "node_modules/@oven/bun-darwin-aarch64": {
      "version": "1.2.21",
      "resolved": "https://registry.npmjs.org/@oven/bun-darwin-aarch64/-/bun-darwin-aarch64-1.2.21.tgz",
      "integrity": "sha512-SihfZ3czKeWz6Z3m5rUDrMlarwOXjnkUg+7tIiSB9VZCFSvWEItMfdAF170eCXxZmEh7A1dw20a3lW37lkmlrA==",
      "cpu": [
        "arm64"
      ],
      "license": "MIT",
      "optional": true,
      "os": [
        "darwin"
      ]
    },
    "node_modules/@oven/bun-darwin-x64": {
      "version": "1.2.21",
      "resolved": "https://registry.npmjs.org/@oven/bun-darwin-x64/-/bun-darwin-x64-1.2.21.tgz",
      "integrity": "sha512-iXr4y2ap6EmME7/EDoLMxSRKAh9yswKfrHDb9sF+ExHbk1C+XsNGxMY73ckQe2w0SIH6NXz2cRMTORbZ8LNjig==",
      "cpu": [
        "x64"
      ],
      "license": "MIT",
      "optional": true,
      "os": [
        "darwin"
      ]
    },
    "node_modules/@oven/bun-darwin-x64-baseline": {
      "version": "1.2.21",
      "resolved": "https://registry.npmjs.org/@oven/bun-darwin-x64-baseline/-/bun-darwin-x64-baseline-1.2.21.tgz",
      "integrity": "sha512-3KeslC5z3vpXxluYBqh6EDwojxTSyWJQeYPJFf7y/Z5QJuAN7g33l8jrx072X8P/G8CBzU1lJky14vhhnqWd7A==",
      "cpu": [
        "x64"
      ],
      "license": "MIT",
      "optional": true,
      "os": [
        "darwin"
      ]
    },
    "node_modules/@oven/bun-linux-aarch64": {
      "version": "1.2.21",
      "resolved": "https://registry.npmjs.org/@oven/bun-linux-aarch64/-/bun-linux-aarch64-1.2.21.tgz",
      "integrity": "sha512-jpUFKGUpim4h4KOqI1VYYgvifZVrWNQZFrmVPfSqGb0ZzF/p5L2qc9Hy2aUL3Lo+zHMPylwbe0iLKElPYk0xoQ==",
      "cpu": [
        "arm64"
      ],
      "license": "MIT",
      "optional": true,
      "os": [
        "linux"
      ]
    },
    "node_modules/@oven/bun-linux-aarch64-musl": {
      "version": "1.2.21",
      "resolved": "https://registry.npmjs.org/@oven/bun-linux-aarch64-musl/-/bun-linux-aarch64-musl-1.2.21.tgz",
      "integrity": "sha512-7UoUHKACYDin3iR6kdqUrF1AOCCjTHPTv1xmzlX4rzwNQvFYSAR83AMrY7hkatKGzLYkI8EjXDAvFJpwF+ZxoA==",
      "cpu": [
        "aarch64"
      ],
      "license": "MIT",
      "optional": true,
      "os": [
        "linux"
      ]
    },
    "node_modules/@oven/bun-linux-x64": {
      "version": "1.2.21",
      "resolved": "https://registry.npmjs.org/@oven/bun-linux-x64/-/bun-linux-x64-1.2.21.tgz",
      "integrity": "sha512-6RuXFaVU2ve0TVw1vfFo7ix/jh9IX7mMAEhwE2odX8EdX/ea55upiivYQ/EKeXt+Ij3STc2bCeV4vvRoEJAHdg==",
      "cpu": [
        "x64"
      ],
      "license": "MIT",
      "optional": true,
      "os": [
        "linux"
      ]
    },
    "node_modules/@oven/bun-linux-x64-baseline": {
      "version": "1.2.21",
      "resolved": "https://registry.npmjs.org/@oven/bun-linux-x64-baseline/-/bun-linux-x64-baseline-1.2.21.tgz",
      "integrity": "sha512-oZ5FUMfeghwbQcL9oxajsKjwVI+1GnVvxcJ3z+pifuXaLMZr25NCr5h0q2j+ZxEFL3RtL/Pyj8/HLfzGEIVAVg==",
      "cpu": [
        "x64"
      ],
      "license": "MIT",
      "optional": true,
      "os": [
        "linux"
      ]
    },
    "node_modules/@oven/bun-linux-x64-musl": {
      "version": "1.2.21",
      "resolved": "https://registry.npmjs.org/@oven/bun-linux-x64-musl/-/bun-linux-x64-musl-1.2.21.tgz",
      "integrity": "sha512-ioZjU+2yyLJXaDA8FKoy+tj/fuZKovG9EMp+n9+EG7g3MULbe5nU8gdsS/dET28WzuPlDlSkqF8EUocvg4HajQ==",
      "cpu": [
        "x64"
      ],
      "license": "MIT",
      "optional": true,
      "os": [
        "linux"
      ]
    },
    "node_modules/@oven/bun-linux-x64-musl-baseline": {
      "version": "1.2.21",
      "resolved": "https://registry.npmjs.org/@oven/bun-linux-x64-musl-baseline/-/bun-linux-x64-musl-baseline-1.2.21.tgz",
      "integrity": "sha512-0NzMg4XdXgujDM2jZogiV6MgACXW0a0NfB+o6fxwmUzdmMBUk1ZMRzypUi4XKjGUe89mYcPJcVFQRRnNwzTK/Q==",
      "cpu": [
        "x64"
      ],
      "license": "MIT",
      "optional": true,
      "os": [
        "linux"
      ]
    },
    "node_modules/@oven/bun-windows-x64": {
      "version": "1.2.21",
      "resolved": "https://registry.npmjs.org/@oven/bun-windows-x64/-/bun-windows-x64-1.2.21.tgz",
      "integrity": "sha512-DZVCXrZGN/B4JnVnieZin1Kxse1wOkf+Fm2hDGpZHzs27ECbw5xPMFIc0r/oCpxTc/InxuvYO9UGoOmvhFaHsQ==",
      "cpu": [
        "x64"
      ],
      "license": "MIT",
      "optional": true,
      "os": [
        "win32"
      ]
    },
    "node_modules/@oven/bun-windows-x64-baseline": {
      "version": "1.2.21",
      "resolved": "https://registry.npmjs.org/@oven/bun-windows-x64-baseline/-/bun-windows-x64-baseline-1.2.21.tgz",
      "integrity": "sha512-sTnkLdThgsa6X8ib6eb3+zgy+CGJOibK6Th4wV2wmZFi5af6TM+digEi9i+q/X3nabGwPXm0V4vBiVpvcFilsA==",
      "cpu": [
        "x64"
      ],
      "license": "MIT",
      "optional": true,
      "os": [
        "win32"
      ]
    },
    "node_modules/bun": {
      "version": "1.2.21",
      "resolved": "https://registry.npmjs.org/bun/-/bun-1.2.21.tgz",
      "integrity": "sha512-y0lJ02dS90U3PJm+7KAKY8Se95AQvP5Xm77LouUwrpNOHpv59kBG4SK1+9iE1cAhpUaFipq+0EJ56S6MmE3row==",
      "cpu": [
        "arm64",
        "x64",
        "aarch64"
      ],
      "hasInstallScript": true,
      "license": "MIT",
      "os": [
        "darwin",
        "linux",
        "win32"
      ],
      "bin": {
        "bun": "bin/bun.exe",
        "bunx": "bin/bunx.exe"
      },
      "optionalDependencies": {
        "@oven/bun-darwin-aarch64": "1.2.21",
        "@oven/bun-darwin-x64": "1.2.21",
        "@oven/bun-darwin-x64-baseline": "1.2.21",
        "@oven/bun-linux-aarch64": "1.2.21",
        "@oven/bun-linux-aarch64-musl": "1.2.21",
        "@oven/bun-linux-x64": "1.2.21",
        "@oven/bun-linux-x64-baseline": "1.2.21",
        "@oven/bun-linux-x64-musl": "1.2.21",
        "@oven/bun-linux-x64-musl-baseline": "1.2.21",
        "@oven/bun-windows-x64": "1.2.21",
        "@oven/bun-windows-x64-baseline": "1.2.21"
      }
    }
  }
}
